
Microsoft Visual Studio Solution File, Format Version 12.00
# Visual Studio Version 17
VisualStudioVersion = 17.3.32811.315
MinimumVisualStudioVersion = 10.0.40219.1
Project("{8BC9CEB8-8B4A-11D0-8D11-00A0C91BC942}") = "193179 신현", "193179 신현.vcxproj", "{6FDC74E4-28AA-4B3B-B4ED-8275798B9C68}"
EndProject
Global
	GlobalSection(SolutionConfigurationPlatforms) = preSolution
		Debug|x64 = Debug|x64
		Debug|x86 = Debug|x86
		Release|x64 = Release|x64
		Release|x86 = Release|x86
	EndGlobalSection
	GlobalSection(ProjectConfigurationPlatforms) = postSolution
		{6FDC74E4-28AA-4B3B-B4ED-8275798B9C68}.Debug|x64.ActiveCfg = Debug|x64
		{6FDC74E4-28AA-4B3B-B4ED-8275798B9C68}.Debug|x64.Build.0 = Debug|x64
		{6FDC74E4-28AA-4B3B-B4ED-8275798B9C68}.Debug|x86.ActiveCfg = Debug|Win32
		{6FDC74E4-28AA-4B3B-B4ED-8275798B9C68}.Debug|x86.Build.0 = Debug|Win32
		{6FDC74E4-28AA-4B3B-B4ED-8275798B9C68}.Release|x64.ActiveCfg = Release|x64
		{6FDC74E4-28AA-4B3B-B4ED-8275798B9C68}.Release|x64.Build.0 = Release|x64
		{6FDC74E4-28AA-4B3B-B4ED-8275798B9C68}.Release|x86.ActiveCfg = Release|Win32
		{6FDC74E4-28AA-4B3B-B4ED-8275798B9C68}.Release|x86.Build.0 = Release|Win32
	EndGlobalSection
	GlobalSection(SolutionProperties) = preSolution
		HideSolutionNode = FALSE
	EndGlobalSection
	GlobalSection(ExtensibilityGlobals) = postSolution
		SolutionGuid = {D5656099-C344-4D6E-A49F-22A0DBF90514}
	EndGlobalSection
EndGlobal
